
Microsoft Visual Studio Solution File, Format Version 12.00
# Visual Studio Version 16
VisualStudioVersion = 16.0.29102.190
MinimumVisualStudioVersion = 10.0.40219.1
Project("{FAE04EC0-301F-11D3-BF4B-00C04F79EFBC}") = "Fibonacci", "Fibonacci\Fibonacci.csproj", "{C951A4AC-23A9-4CBC-936B-0165DE2313F7}"
EndProject
Project("{FAE04EC0-301F-11D3-BF4B-00C04F79EFBC}") = "FibonacciCore", "FibonacciCore\FibonacciCore.csproj", "{6141CFCD-3FAD-462F-AF6D-CE1B17FB620A}"
EndProject
Project("{FAE04EC0-301F-11D3-BF4B-00C04F79EFBC}") = "FibbTest", "FibbTest\FibbTest.csproj", "{1B4CD6FB-0BDE-446B-AC46-CEF66ACAB6C7}"
EndProject
Global
	GlobalSection(SolutionConfigurationPlatforms) = preSolution
		Debug|Any CPU = Debug|Any CPU
		Release|Any CPU = Release|Any CPU
	EndGlobalSection
	GlobalSection(ProjectConfigurationPlatforms) = postSolution
		{C951A4AC-23A9-4CBC-936B-0165DE2313F7}.Debug|Any CPU.ActiveCfg = Debug|Any CPU
		{C951A4AC-23A9-4CBC-936B-0165DE2313F7}.Debug|Any CPU.Build.0 = Debug|Any CPU
		{C951A4AC-23A9-4CBC-936B-0165DE2313F7}.Release|Any CPU.ActiveCfg = Release|Any CPU
		{C951A4AC-23A9-4CBC-936B-0165DE2313F7}.Release|Any CPU.Build.0 = Release|Any CPU
		{6141CFCD-3FAD-462F-AF6D-CE1B17FB620A}.Debug|Any CPU.ActiveCfg = Debug|Any CPU
		{6141CFCD-3FAD-462F-AF6D-CE1B17FB620A}.Debug|Any CPU.Build.0 = Debug|Any CPU
		{6141CFCD-3FAD-462F-AF6D-CE1B17FB620A}.Release|Any CPU.ActiveCfg = Release|Any CPU
		{6141CFCD-3FAD-462F-AF6D-CE1B17FB620A}.Release|Any CPU.Build.0 = Release|Any CPU
		{1B4CD6FB-0BDE-446B-AC46-CEF66ACAB6C7}.Debug|Any CPU.ActiveCfg = Debug|Any CPU
		{1B4CD6FB-0BDE-446B-AC46-CEF66ACAB6C7}.Debug|Any CPU.Build.0 = Debug|Any CPU
		{1B4CD6FB-0BDE-446B-AC46-CEF66ACAB6C7}.Release|Any CPU.ActiveCfg = Release|Any CPU
		{1B4CD6FB-0BDE-446B-AC46-CEF66ACAB6C7}.Release|Any CPU.Build.0 = Release|Any CPU
	EndGlobalSection
	GlobalSection(SolutionProperties) = preSolution
		HideSolutionNode = FALSE
	EndGlobalSection
	GlobalSection(ExtensibilityGlobals) = postSolution
		SolutionGuid = {68901259-BAA9-43C2-ABAE-5EAF2EC5A3C1}
	EndGlobalSection
EndGlobal
